# This file is automatically @generated by Cargo.
# It is not intended for manual editing.
version = 4

[[package]]
name = "mini-launch-solana"
version = "0.1.0"
dependencies = [
 "pinocchio",
]

[[package]]
name = "pinocchio"
version = "0.11.2"
source = "registry+https://github.com/rust-lang/crates.io-index"
checksum = "a6cababcb62a2e739c7078ae16eda02789a6e3edd21bbdded864e85c38a7914d"
dependencies = [
 "solana-account-view",
 "solana-address",
 "solana-define-syscall",
 "solana-instruction-view",
 "solana-program-error",
]

[[package]]
name = "solana-account-view"
version = "2.0.0"
source = "registry+https://github.com/rust-lang/crates.io-index"
checksum = "fc141b940560430425ebaadb7645496c45f6a10fad9911d719bd03eab7f4d422"
dependencies = [
 "solana-address",
 "solana-program-error",
]

[[package]]
name = "solana-address"
version = "2.2.0"
source = "registry+https://github.com/rust-lang/crates.io-index"
checksum = "68c5d02824391b072dc5cd0aaa85fb0af9784a21d23286a767994d1e8a322131"
dependencies = [
 "solana-define-syscall",
 "solana-program-error",
]

[[package]]
name = "solana-define-syscall"
version = "5.0.0"
source = "registry+https://github.com/rust-lang/crates.io-index"
checksum = "03aacdd7a61e2109887a7a7f046caebafce97ddf1150f33722eeac04f9039c73"

[[package]]
name = "solana-instruction-view"
version = "2.1.0"
source = "registry+https://github.com/rust-lang/crates.io-index"
checksum = "6ab7a27d0c4214b9f7389c3dd00b68c93093a67f1dcc5b7893aebe299bbcbb47"
dependencies = [
 "solana-account-view",
 "solana-address",
 "solana-define-syscall",
 "solana-program-error",
]

[[package]]
name = "solana-program-error"
version = "3.0.0"
source = "registry+https://github.com/rust-lang/crates.io-index"
checksum = "a1af32c995a7b692a915bb7414d5f8e838450cf7c70414e763d8abcae7b51f28"
